// !$*UTF8*$!
{
	archiveVersion = 1;
	classes = {
	};
	objectVersion = 50;
	objects = {

/* Begin PBXBuildFile section */
		23074FC8220B4A5D00B64762 /* AgendaItem.swift in Sources */ = {isa = PBXBuildFile; fileRef = 23074FC7220B4A5D00B64762 /* AgendaItem.swift */; };
		23074FCA220B4B5700B64762 /* Int+Ext.swift in Sources */ = {isa = PBXBuildFile; fileRef = 23074FC9220B4B5700B64762 /* Int+Ext.swift */; };
		23074FCC220B4DE800B64762 /* EmptyCardCell.swift in Sources */ = {isa = PBXBuildFile; fileRef = 23074FCB220B4DE800B64762 /* EmptyCardCell.swift */; };
		23074FCE220B53AB00B64762 /* UIButtonX.swift in Sources */ = {isa = PBXBuildFile; fileRef = 23074FCD220B53AB00B64762 /* UIButtonX.swift */; };
		231898DD221D92F1005766AF /* AddAgendAlertViewController.swift in Sources */ = {isa = PBXBuildFile; fileRef = 231898DC221D92F1005766AF /* AddAgendAlertViewController.swift */; };
		2325C88C224912B5008C687B /* DataGateway.swift in Sources */ = {isa = PBXBuildFile; fileRef = 2325C88B224912B5008C687B /* DataGateway.swift */; };
		2338BEBC220A7840004F288F /* AppDelegate.swift in Sources */ = {isa = PBXBuildFile; fileRef = 2338BEBB220A7840004F288F /* AppDelegate.swift */; };
		2338BEBE220A7840004F288F /* DayViewController.swift in Sources */ = {isa = PBXBuildFile; fileRef = 2338BEBD220A7840004F288F /* DayViewController.swift */; };
		2338BEC1220A7840004F288F /* Main.storyboard in Resources */ = {isa = PBXBuildFile; fileRef = 2338BEBF220A7840004F288F /* Main.storyboard */; };
		2338BEC4220A7840004F288F /* neon.xcdatamodeld in Sources */ = {isa = PBXBuildFile; fileRef = 2338BEC2220A7840004F288F /* neon.xcdatamodeld */; };
		2338BEC6220A7841004F288F /* Assets.xcassets in Resources */ = {isa = PBXBuildFile; fileRef = 2338BEC5220A7841004F288F /* Assets.xcassets */; };
		2338BEC9220A7841004F288F /* LaunchScreen.storyboard in Resources */ = {isa = PBXBuildFile; fileRef = 2338BEC7220A7841004F288F /* LaunchScreen.storyboard */; };
		2338BED4220A7841004F288F /* neonTests.swift in Sources */ = {isa = PBXBuildFile; fileRef = 2338BED3220A7841004F288F /* neonTests.swift */; };
		2338BEDF220A7841004F288F /* neonUITests.swift in Sources */ = {isa = PBXBuildFile; fileRef = 2338BEDE220A7841004F288F /* neonUITests.swift */; };
		2338BEED220A78C5004F288F /* UIViewX.swift in Sources */ = {isa = PBXBuildFile; fileRef = 2338BEEC220A78C5004F288F /* UIViewX.swift */; };
		2338BEEF220A78FF004F288F /* AgendaCardCell.swift in Sources */ = {isa = PBXBuildFile; fileRef = 2338BEEE220A78FF004F288F /* AgendaCardCell.swift */; };
		234C1A09220C8E9D00344316 /* Date+Ext.swift in Sources */ = {isa = PBXBuildFile; fileRef = 234C1A08220C8E9D00344316 /* Date+Ext.swift */; };
		234C1A0B220C8F9900344316 /* TodayHeaderCell.swift in Sources */ = {isa = PBXBuildFile; fileRef = 234C1A0A220C8F9900344316 /* TodayHeaderCell.swift */; };
		237FFC30224B8FAA000A02C0 /* AgendaCardRowController.swift in Sources */ = {isa = PBXBuildFile; fileRef = 237FFC2E224B8D84000A02C0 /* AgendaCardRowController.swift */; };
		237FFC33224B909C000A02C0 /* CloudKit.framework in Frameworks */ = {isa = PBXBuildFile; fileRef = 237FFC32224B909C000A02C0 /* CloudKit.framework */; };
		238EA769223EA0DC00981E98 /* CloudKit.framework in Frameworks */ = {isa = PBXBuildFile; fileRef = 238EA768223EA0DC00981E98 /* CloudKit.framework */; };
		2395A94E224AE1750007D6F2 /* NotificationCenter.framework in Frameworks */ = {isa = PBXBuildFile; fileRef = 2395A94D224AE1750007D6F2 /* NotificationCenter.framework */; };
		2395A951224AE1750007D6F2 /* TodayViewController.swift in Sources */ = {isa = PBXBuildFile; fileRef = 2395A950224AE1750007D6F2 /* TodayViewController.swift */; };
		2395A954224AE1750007D6F2 /* MainInterface.storyboard in Resources */ = {isa = PBXBuildFile; fileRef = 2395A952224AE1750007D6F2 /* MainInterface.storyboard */; };
		2395A958224AE1750007D6F2 /* neonToday.appex in Embed App Extensions */ = {isa = PBXBuildFile; fileRef = 2395A94C224AE1750007D6F2 /* neonToday.appex */; settings = {ATTRIBUTES = (RemoveHeadersOnCopy, ); }; };
		2395A95E224AE1990007D6F2 /* CloudKit.framework in Frameworks */ = {isa = PBXBuildFile; fileRef = 238EA768223EA0DC00981E98 /* CloudKit.framework */; };
		2395A960224AE1CC0007D6F2 /* DataGateway.swift in Sources */ = {isa = PBXBuildFile; fileRef = 2395A95F224AE1CC0007D6F2 /* DataGateway.swift */; };
		2395A962224AE1EF0007D6F2 /* AgendaItem.swift in Sources */ = {isa = PBXBuildFile; fileRef = 2395A961224AE1EF0007D6F2 /* AgendaItem.swift */; };
		2395A969224AE78C0007D6F2 /* Interface.storyboard in Resources */ = {isa = PBXBuildFile; fileRef = 2395A967224AE78C0007D6F2 /* Interface.storyboard */; };
		2395A96B224AE78D0007D6F2 /* Assets.xcassets in Resources */ = {isa = PBXBuildFile; fileRef = 2395A96A224AE78D0007D6F2 /* Assets.xcassets */; };
		2395A972224AE78D0007D6F2 /* neonWatch Extension.appex in Embed App Extensions */ = {isa = PBXBuildFile; fileRef = 2395A971224AE78D0007D6F2 /* neonWatch Extension.appex */; settings = {ATTRIBUTES = (RemoveHeadersOnCopy, ); }; };
		2395A977224AE78D0007D6F2 /* InterfaceController.swift in Sources */ = {isa = PBXBuildFile; fileRef = 2395A976224AE78D0007D6F2 /* InterfaceController.swift */; };
		2395A979224AE78D0007D6F2 /* ExtensionDelegate.swift in Sources */ = {isa = PBXBuildFile; fileRef = 2395A978224AE78D0007D6F2 /* ExtensionDelegate.swift */; };
		2395A97B224AE78D0007D6F2 /* NotificationController.swift in Sources */ = {isa = PBXBuildFile; fileRef = 2395A97A224AE78D0007D6F2 /* NotificationController.swift */; };
		2395A97D224AE78E0007D6F2 /* Assets.xcassets in Resources */ = {isa = PBXBuildFile; fileRef = 2395A97C224AE78E0007D6F2 /* Assets.xcassets */; };
		2395A982224AE78E0007D6F2 /* neonWatch.app in Embed Watch Content */ = {isa = PBXBuildFile; fileRef = 2395A965224AE78C0007D6F2 /* neonWatch.app */; };
		2395A98C224AEABE0007D6F2 /* AgendaItem.swift in Sources */ = {isa = PBXBuildFile; fileRef = 2395A98B224AEABE0007D6F2 /* AgendaItem.swift */; };
		2395A98E224AEACD0007D6F2 /* DataGateway.swift in Sources */ = {isa = PBXBuildFile; fileRef = 2395A98D224AEACD0007D6F2 /* DataGateway.swift */; };
		23B63CE1222491050026B9C2 /* CalendarGateway.swift in Sources */ = {isa = PBXBuildFile; fileRef = 23B63CE0222491050026B9C2 /* CalendarGateway.swift */; };
		23D41E6C2224127800D909FD /* SectionHeaderView.xib in Resources */ = {isa = PBXBuildFile; fileRef = 23D41E6B2224127800D909FD /* SectionHeaderView.xib */; };
		23D41E6E222412FF00D909FD /* SectionHeaderView.swift in Sources */ = {isa = PBXBuildFile; fileRef = 23D41E6D222412FF00D909FD /* SectionHeaderView.swift */; };
		61B305ACEAA2B4F72109821D /* Pods_neon.framework in Frameworks */ = {isa = PBXBuildFile; fileRef = 8BA23B93EB57D0A9C87A3846 /* Pods_neon.framework */; };
		B658B761255B945710FC2F42 /* Pods_neonTests.framework in Frameworks */ = {isa = PBXBuildFile; fileRef = 9076E2F3ADB2E623D12BBF3D /* Pods_neonTests.framework */; };
		B912B77E89CBF0E08ECEB8A2 /* Pods_neonUITests.framework in Frameworks */ = {isa = PBXBuildFile; fileRef = F07358A92310DC9C6BA03B89 /* Pods_neonUITests.framework */; };
/* End PBXBuildFile section */

/* Begin PBXContainerItemProxy section */
		2338BED0220A7841004F288F /* PBXContainerItemProxy */ = {
			isa = PBXContainerItemProxy;
			containerPortal = 2338BEB0220A7840004F288F /* Project object */;
			proxyType = 1;
			remoteGlobalIDString = 2338BEB7220A7840004F288F;
			remoteInfo = neon;
		};
		2338BEDB220A7841004F288F /* PBXContainerItemProxy */ = {
			isa = PBXContainerItemProxy;
			containerPortal = 2338BEB0220A7840004F288F /* Project object */;
			proxyType = 1;
			remoteGlobalIDString = 2338BEB7220A7840004F288F;
			remoteInfo = neon;
		};
		2395A956224AE1750007D6F2 /* PBXContainerItemProxy */ = {
			isa = PBXContainerItemProxy;
			containerPortal = 2338BEB0220A7840004F288F /* Project object */;
			proxyType = 1;
			remoteGlobalIDString = 2395A94B224AE1750007D6F2;
			remoteInfo = neonToday;
		};
		2395A973224AE78D0007D6F2 /* PBXContainerItemProxy */ = {
			isa = PBXContainerItemProxy;
			containerPortal = 2338BEB0220A7840004F288F /* Project object */;
			proxyType = 1;
			remoteGlobalIDString = 2395A970224AE78D0007D6F2;
			remoteInfo = "neonWatch Extension";
		};
		2395A980224AE78E0007D6F2 /* PBXContainerItemProxy */ = {
			isa = PBXContainerItemProxy;
			containerPortal = 2338BEB0220A7840004F288F /* Project object */;
			proxyType = 1;
			remoteGlobalIDString = 2395A964224AE78C0007D6F2;
			remoteInfo = neonWatch;
		};
/* End PBXContainerItemProxy section */

/* Begin PBXCopyFilesBuildPhase section */
		2395A95C224AE1750007D6F2 /* Embed App Extensions */ = {
			isa = PBXCopyFilesBuildPhase;
			buildActionMask = 2147483647;
			dstPath = "";
			dstSubfolderSpec = 13;
			files = (
				2395A958224AE1750007D6F2 /* neonToday.appex in Embed App Extensions */,
			);
			name = "Embed App Extensions";
			runOnlyForDeploymentPostprocessing = 0;
		};
		2395A986224AE78E0007D6F2 /* Embed App Extensions */ = {
			isa = PBXCopyFilesBuildPhase;
			buildActionMask = 2147483647;
			dstPath = "";
			dstSubfolderSpec = 13;
			files = (
				2395A972224AE78D0007D6F2 /* neonWatch Extension.appex in Embed App Extensions */,
			);
			name = "Embed App Extensions";
			runOnlyForDeploymentPostprocessing = 0;
		};
		2395A98A224AE78E0007D6F2 /* Embed Watch Content */ = {
			isa = PBXCopyFilesBuildPhase;
			buildActionMask = 2147483647;
			dstPath = "$(CONTENTS_FOLDER_PATH)/Watch";
			dstSubfolderSpec = 16;
			files = (
				2395A982224AE78E0007D6F2 /* neonWatch.app in Embed Watch Content */,
			);
			name = "Embed Watch Content";
			runOnlyForDeploymentPostprocessing = 0;
		};
		23BA59672242B0C400AE45DE /* Embed Frameworks */ = {
			isa = PBXCopyFilesBuildPhase;
			buildActionMask = 2147483647;
			dstPath = "";
			dstSubfolderSpec = 10;
			files = (
			);
			name = "Embed Frameworks";
			runOnlyForDeploymentPostprocessing = 0;
		};
/* End PBXCopyFilesBuildPhase section */

/* Begin PBXFileReference section */
		23074FC7220B4A5D00B64762 /* AgendaItem.swift */ = {isa = PBXFileReference; lastKnownFileType = sourcecode.swift; path = AgendaItem.swift; sourceTree = "<group>"; };
		23074FC9220B4B5700B64762 /* Int+Ext.swift */ = {isa = PBXFileReference; lastKnownFileType = sourcecode.swift; path = "Int+Ext.swift"; sourceTree = "<group>"; };
		23074FCB220B4DE800B64762 /* EmptyCardCell.swift */ = {isa = PBXFileReference; lastKnownFileType = sourcecode.swift; path = EmptyCardCell.swift; sourceTree = "<group>"; };
		23074FCD220B53AB00B64762 /* UIButtonX.swift */ = {isa = PBXFileReference; lastKnownFileType = sourcecode.swift; path = UIButtonX.swift; sourceTree = "<group>"; };
		231898DC221D92F1005766AF /* AddAgendAlertViewController.swift */ = {isa = PBXFileReference; lastKnownFileType = sourcecode.swift; path = AddAgendAlertViewController.swift; sourceTree = "<group>"; };
		2325C88B224912B5008C687B /* DataGateway.swift */ = {isa = PBXFileReference; lastKnownFileType = sourcecode.swift; path = DataGateway.swift; sourceTree = "<group>"; };
		2338BEB8220A7840004F288F /* neon.app */ = {isa = PBXFileReference; explicitFileType = wrapper.application; includeInIndex = 0; path = neon.app; sourceTree = BUILT_PRODUCTS_DIR; };
		2338BEBB220A7840004F288F /* AppDelegate.swift */ = {isa = PBXFileReference; lastKnownFileType = sourcecode.swift; path = AppDelegate.swift; sourceTree = "<group>"; };
		2338BEBD220A7840004F288F /* DayViewController.swift */ = {isa = PBXFileReference; lastKnownFileType = sourcecode.swift; path = DayViewController.swift; sourceTree = "<group>"; };
		2338BEC0220A7840004F288F /* Base */ = {isa = PBXFileReference; lastKnownFileType = file.storyboard; name = Base; path = Base.lproj/Main.storyboard; sourceTree = "<group>"; };
		2338BEC3220A7840004F288F /* neon.xcdatamodel */ = {isa = PBXFileReference; lastKnownFileType = wrapper.xcdatamodel; path = neon.xcdatamodel; sourceTree = "<group>"; };
		2338BEC5220A7841004F288F /* Assets.xcassets */ = {isa = PBXFileReference; lastKnownFileType = folder.assetcatalog; path = Assets.xcassets; sourceTree = "<group>"; };
		2338BEC8220A7841004F288F /* Base */ = {isa = PBXFileReference; lastKnownFileType = file.storyboard; name = Base; path = Base.lproj/LaunchScreen.storyboard; sourceTree = "<group>"; };
		2338BECA220A7841004F288F /* Info.plist */ = {isa = PBXFileReference; lastKnownFileType = text.plist.xml; path = Info.plist; sourceTree = "<group>"; };
		2338BECF220A7841004F288F /* neonTests.xctest */ = {isa = PBXFileReference; explicitFileType = wrapper.cfbundle; includeInIndex = 0; path = neonTests.xctest; sourceTree = BUILT_PRODUCTS_DIR; };
		2338BED3220A7841004F288F /* neonTests.swift */ = {isa = PBXFileReference; lastKnownFileType = sourcecode.swift; path = neonTests.swift; sourceTree = "<group>"; };
		2338BED5220A7841004F288F /* Info.plist */ = {isa = PBXFileReference; lastKnownFileType = text.plist.xml; path = Info.plist; sourceTree = "<group>"; };
		2338BEDA220A7841004F288F /* neonUITests.xctest */ = {isa = PBXFileReference; explicitFileType = wrapper.cfbundle; includeInIndex = 0; path = neonUITests.xctest; sourceTree = BUILT_PRODUCTS_DIR; };
		2338BEDE220A7841004F288F /* neonUITests.swift */ = {isa = PBXFileReference; lastKnownFileType = sourcecode.swift; path = neonUITests.swift; sourceTree = "<group>"; };
		2338BEE0220A7841004F288F /* Info.plist */ = {isa = PBXFileReference; lastKnownFileType = text.plist.xml; path = Info.plist; sourceTree = "<group>"; };
		2338BEEC220A78C5004F288F /* UIViewX.swift */ = {isa = PBXFileReference; lastKnownFileType = sourcecode.swift; path = UIViewX.swift; sourceTree = "<group>"; };
		2338BEEE220A78FF004F288F /* AgendaCardCell.swift */ = {isa = PBXFileReference; lastKnownFileType = sourcecode.swift; path = AgendaCardCell.swift; sourceTree = "<group>"; };
		234C1A08220C8E9D00344316 /* Date+Ext.swift */ = {isa = PBXFileReference; lastKnownFileType = sourcecode.swift; path = "Date+Ext.swift"; sourceTree = "<group>"; };
		234C1A0A220C8F9900344316 /* TodayHeaderCell.swift */ = {isa = PBXFileReference; lastKnownFileType = sourcecode.swift; path = TodayHeaderCell.swift; sourceTree = "<group>"; };
		237FFC2E224B8D84000A02C0 /* AgendaCardRowController.swift */ = {isa = PBXFileReference; lastKnownFileType = sourcecode.swift; path = AgendaCardRowController.swift; sourceTree = "<group>"; };
		237FFC31224B909A000A02C0 /* neonWatch Extension.entitlements */ = {isa = PBXFileReference; lastKnownFileType = text.plist.entitlements; path = "neonWatch Extension.entitlements"; sourceTree = "<group>"; };
		237FFC32224B909C000A02C0 /* CloudKit.framework */ = {isa = PBXFileReference; lastKnownFileType = wrapper.framework; name = CloudKit.framework; path = Platforms/WatchOS.platform/Developer/SDKs/WatchOS5.2.sdk/System/Library/Frameworks/CloudKit.framework; sourceTree = DEVELOPER_DIR; };
		238EA767223EA0D900981E98 /* neon.entitlements */ = {isa = PBXFileReference; lastKnownFileType = text.plist.entitlements; path = neon.entitlements; sourceTree = "<group>"; };
		238EA768223EA0DC00981E98 /* CloudKit.framework */ = {isa = PBXFileReference; lastKnownFileType = wrapper.framework; name = CloudKit.framework; path = System/Library/Frameworks/CloudKit.framework; sourceTree = SDKROOT; };
		2395A94C224AE1750007D6F2 /* neonToday.appex */ = {isa = PBXFileReference; explicitFileType = "wrapper.app-extension"; includeInIndex = 0; path = neonToday.appex; sourceTree = BUILT_PRODUCTS_DIR; };
		2395A94D224AE1750007D6F2 /* NotificationCenter.framework */ = {isa = PBXFileReference; lastKnownFileType = wrapper.framework; name = NotificationCenter.framework; path = System/Library/Frameworks/NotificationCenter.framework; sourceTree = SDKROOT; };
		2395A950224AE1750007D6F2 /* TodayViewController.swift */ = {isa = PBXFileReference; lastKnownFileType = sourcecode.swift; path = TodayViewController.swift; sourceTree = "<group>"; };
		2395A953224AE1750007D6F2 /* Base */ = {isa = PBXFileReference; lastKnownFileType = file.storyboard; name = Base; path = Base.lproj/MainInterface.storyboard; sourceTree = "<group>"; };
		2395A955224AE1750007D6F2 /* Info.plist */ = {isa = PBXFileReference; lastKnownFileType = text.plist.xml; path = Info.plist; sourceTree = "<group>"; };
		2395A95D224AE1920007D6F2 /* neonToday.entitlements */ = {isa = PBXFileReference; lastKnownFileType = text.plist.entitlements; path = neonToday.entitlements; sourceTree = "<group>"; };
		2395A95F224AE1CC0007D6F2 /* DataGateway.swift */ = {isa = PBXFileReference; lastKnownFileType = sourcecode.swift; path = DataGateway.swift; sourceTree = "<group>"; };
		2395A961224AE1EF0007D6F2 /* AgendaItem.swift */ = {isa = PBXFileReference; lastKnownFileType = sourcecode.swift; path = AgendaItem.swift; sourceTree = "<group>"; };
		2395A965224AE78C0007D6F2 /* neonWatch.app */ = {isa = PBXFileReference; explicitFileType = wrapper.application; includeInIndex = 0; path = neonWatch.app; sourceTree = BUILT_PRODUCTS_DIR; };
		2395A968224AE78C0007D6F2 /* Base */ = {isa = PBXFileReference; lastKnownFileType = file.storyboard; name = Base; path = Base.lproj/Interface.storyboard; sourceTree = "<group>"; };
		2395A96A224AE78D0007D6F2 /* Assets.xcassets */ = {isa = PBXFileReference; lastKnownFileType = folder.assetcatalog; path = Assets.xcassets; sourceTree = "<group>"; };
		2395A96C224AE78D0007D6F2 /* Info.plist */ = {isa = PBXFileReference; lastKnownFileType = text.plist.xml; path = Info.plist; sourceTree = "<group>"; };
		2395A971224AE78D0007D6F2 /* neonWatch Extension.appex */ = {isa = PBXFileReference; explicitFileType = "wrapper.app-extension"; includeInIndex = 0; path = "neonWatch Extension.appex"; sourceTree = BUILT_PRODUCTS_DIR; };
		2395A976224AE78D0007D6F2 /* InterfaceController.swift */ = {isa = PBXFileReference; lastKnownFileType = sourcecode.swift; path = InterfaceController.swift; sourceTree = "<group>"; };
		2395A978224AE78D0007D6F2 /* ExtensionDelegate.swift */ = {isa = PBXFileReference; lastKnownFileType = sourcecode.swift; path = ExtensionDelegate.swift; sourceTree = "<group>"; };
		2395A97A224AE78D0007D6F2 /* NotificationController.swift */ = {isa = PBXFileReference; lastKnownFileType = sourcecode.swift; path = NotificationController.swift; sourceTree = "<group>"; };
		2395A97C224AE78E0007D6F2 /* Assets.xcassets */ = {isa = PBXFileReference; lastKnownFileType = folder.assetcatalog; path = Assets.xcassets; sourceTree = "<group>"; };
		2395A97E224AE78E0007D6F2 /* Info.plist */ = {isa = PBXFileReference; lastKnownFileType = text.plist.xml; path = Info.plist; sourceTree = "<group>"; };
		2395A97F224AE78E0007D6F2 /* PushNotificationPayload.apns */ = {isa = PBXFileReference; lastKnownFileType = text; path = PushNotificationPayload.apns; sourceTree = "<group>"; };
		2395A98B224AEABE0007D6F2 /* AgendaItem.swift */ = {isa = PBXFileReference; lastKnownFileType = sourcecode.swift; path = AgendaItem.swift; sourceTree = "<group>"; };
		2395A98D224AEACD0007D6F2 /* DataGateway.swift */ = {isa = PBXFileReference; lastKnownFileType = sourcecode.swift; path = DataGateway.swift; sourceTree = "<group>"; };
		23B63CE0222491050026B9C2 /* CalendarGateway.swift */ = {isa = PBXFileReference; lastKnownFileType = sourcecode.swift; path = CalendarGateway.swift; sourceTree = "<group>"; };
		23D41E6B2224127800D909FD /* SectionHeaderView.xib */ = {isa = PBXFileReference; lastKnownFileType = file.xib; path = SectionHeaderView.xib; sourceTree = "<group>"; };
		23D41E6D222412FF00D909FD /* SectionHeaderView.swift */ = {isa = PBXFileReference; lastKnownFileType = sourcecode.swift; path = SectionHeaderView.swift; sourceTree = "<group>"; };
		3090C3879864096A7AB572CC /* Pods-neon.release.xcconfig */ = {isa = PBXFileReference; includeInIndex = 1; lastKnownFileType = text.xcconfig; name = "Pods-neon.release.xcconfig"; path = "Pods/Target Support Files/Pods-neon/Pods-neon.release.xcconfig"; sourceTree = "<group>"; };
		390CCC3E80133F37FB4A2306 /* Pods-neonTests.debug.xcconfig */ = {isa = PBXFileReference; includeInIndex = 1; lastKnownFileType = text.xcconfig; name = "Pods-neonTests.debug.xcconfig"; path = "Pods/Target Support Files/Pods-neonTests/Pods-neonTests.debug.xcconfig"; sourceTree = "<group>"; };
		6B9A0107CCBF37CCAA2CAAD3 /* Pods-neonUITests.release.xcconfig */ = {isa = PBXFileReference; includeInIndex = 1; lastKnownFileType = text.xcconfig; name = "Pods-neonUITests.release.xcconfig"; path = "Pods/Target Support Files/Pods-neonUITests/Pods-neonUITests.release.xcconfig"; sourceTree = "<group>"; };
		8BA23B93EB57D0A9C87A3846 /* Pods_neon.framework */ = {isa = PBXFileReference; explicitFileType = wrapper.framework; includeInIndex = 0; path = Pods_neon.framework; sourceTree = BUILT_PRODUCTS_DIR; };
		9076E2F3ADB2E623D12BBF3D /* Pods_neonTests.framework */ = {isa = PBXFileReference; explicitFileType = wrapper.framework; includeInIndex = 0; path = Pods_neonTests.framework; sourceTree = BUILT_PRODUCTS_DIR; };
		A3593EBEBDFB2F7E14F71C3D /* Pods-neon.debug.xcconfig */ = {isa = PBXFileReference; includeInIndex = 1; lastKnownFileType = text.xcconfig; name = "Pods-neon.debug.xcconfig"; path = "Pods/Target Support Files/Pods-neon/Pods-neon.debug.xcconfig"; sourceTree = "<group>"; };
		F07358A92310DC9C6BA03B89 /* Pods_neonUITests.framework */ = {isa = PBXFileReference; explicitFileType = wrapper.framework; includeInIndex = 0; path = Pods_neonUITests.framework; sourceTree = BUILT_PRODUCTS_DIR; };
		FEF89E64D0C593B4421B153A /* Pods-neonTests.release.xcconfig */ = {isa = PBXFileReference; includeInIndex = 1; lastKnownFileType = text.xcconfig; name = "Pods-neonTests.release.xcconfig"; path = "Pods/Target Support Files/Pods-neonTests/Pods-neonTests.release.xcconfig"; sourceTree = "<group>"; };
		FF3FA86C71973A520B8323EA /* Pods-neonUITests.debug.xcconfig */ = {isa = PBXFileReference; includeInIndex = 1; lastKnownFileType = text.xcconfig; name = "Pods-neonUITests.debug.xcconfig"; path = "Pods/Target Support Files/Pods-neonUITests/Pods-neonUITests.debug.xcconfig"; sourceTree = "<group>"; };
/* End PBXFileReference section */

/* Begin PBXFrameworksBuildPhase section */
		2338BEB5220A7840004F288F /* Frameworks */ = {
			isa = PBXFrameworksBuildPhase;
			buildActionMask = 2147483647;
			files = (
				61B305ACEAA2B4F72109821D /* Pods_neon.framework in Frameworks */,
				238EA769223EA0DC00981E98 /* CloudKit.framework in Frameworks */,
			);
			runOnlyForDeploymentPostprocessing = 0;
		};
		2338BECC220A7841004F288F /* Frameworks */ = {
			isa = PBXFrameworksBuildPhase;
			buildActionMask = 2147483647;
			files = (
				B658B761255B945710FC2F42 /* Pods_neonTests.framework in Frameworks */,
			);
			runOnlyForDeploymentPostprocessing = 0;
		};
		2338BED7220A7841004F288F /* Frameworks */ = {
			isa = PBXFrameworksBuildPhase;
			buildActionMask = 2147483647;
			files = (
				B912B77E89CBF0E08ECEB8A2 /* Pods_neonUITests.framework in Frameworks */,
			);
			runOnlyForDeploymentPostprocessing = 0;
		};
		2395A949224AE1750007D6F2 /* Frameworks */ = {
			isa = PBXFrameworksBuildPhase;
			buildActionMask = 2147483647;
			files = (
				2395A94E224AE1750007D6F2 /* NotificationCenter.framework in Frameworks */,
				2395A95E224AE1990007D6F2 /* CloudKit.framework in Frameworks */,
			);
			runOnlyForDeploymentPostprocessing = 0;
		};
		2395A96E224AE78D0007D6F2 /* Frameworks */ = {
			isa = PBXFrameworksBuildPhase;
			buildActionMask = 2147483647;
			files = (
				237FFC33224B909C000A02C0 /* CloudKit.framework in Frameworks */,
			);
			runOnlyForDeploymentPostprocessing = 0;
		};
/* End PBXFrameworksBuildPhase section */

/* Begin PBXGroup section */
		23074FC2220B424E00B64762 /* Model */ = {
			isa = PBXGroup;
			children = (
				2338BEC2220A7840004F288F /* neon.xcdatamodeld */,
				23074FC7220B4A5D00B64762 /* AgendaItem.swift */,
			);
			path = Model;
			sourceTree = "<group>";
		};
		23074FC3220B425300B64762 /* View */ = {
			isa = PBXGroup;
			children = (
				2338BEC7220A7841004F288F /* LaunchScreen.storyboard */,
				2338BEBF220A7840004F288F /* Main.storyboard */,
				2338BEEE220A78FF004F288F /* AgendaCardCell.swift */,
				2338BEEC220A78C5004F288F /* UIViewX.swift */,
				23074FCB220B4DE800B64762 /* EmptyCardCell.swift */,
				23074FCD220B53AB00B64762 /* UIButtonX.swift */,
				234C1A0A220C8F9900344316 /* TodayHeaderCell.swift */,
				231898DC221D92F1005766AF /* AddAgendAlertViewController.swift */,
				23D41E6B2224127800D909FD /* SectionHeaderView.xib */,
				23D41E6D222412FF00D909FD /* SectionHeaderView.swift */,
			);
			path = View;
			sourceTree = "<group>";
		};
		23074FC4220B425600B64762 /* Controller */ = {
			isa = PBXGroup;
			children = (
				2338BEBD220A7840004F288F /* DayViewController.swift */,
			);
			path = Controller;
			sourceTree = "<group>";
		};
		23074FC5220B425D00B64762 /* Extension */ = {
			isa = PBXGroup;
			children = (
				23074FC9220B4B5700B64762 /* Int+Ext.swift */,
				234C1A08220C8E9D00344316 /* Date+Ext.swift */,
			);
			path = Extension;
			sourceTree = "<group>";
		};
		23074FC6220B426200B64762 /* Service */ = {
			isa = PBXGroup;
			children = (
				23B63CE0222491050026B9C2 /* CalendarGateway.swift */,
				2325C88B224912B5008C687B /* DataGateway.swift */,
			);
			path = Service;
			sourceTree = "<group>";
		};
		2338BEAF220A7840004F288F = {
			isa = PBXGroup;
			children = (
				2338BEBA220A7840004F288F /* neon */,
				2338BED2220A7841004F288F /* neonTests */,
				2338BEDD220A7841004F288F /* neonUITests */,
				2395A94F224AE1750007D6F2 /* neonToday */,
				2395A966224AE78C0007D6F2 /* neonWatch */,
				2395A975224AE78D0007D6F2 /* neonWatch Extension */,
				2338BEB9220A7840004F288F /* Products */,
				4B7EB119015E82801222CD3A /* Pods */,
				CBE1FB35023C3D4B2AC08158 /* Frameworks */,
			);
			sourceTree = "<group>";
		};
		2338BEB9220A7840004F288F /* Products */ = {
			isa = PBXGroup;
			children = (
				2338BEB8220A7840004F288F /* neon.app */,
				2338BECF220A7841004F288F /* neonTests.xctest */,
				2338BEDA220A7841004F288F /* neonUITests.xctest */,
				2395A94C224AE1750007D6F2 /* neonToday.appex */,
				2395A965224AE78C0007D6F2 /* neonWatch.app */,
				2395A971224AE78D0007D6F2 /* neonWatch Extension.appex */,
			);
			name = Products;
			sourceTree = "<group>";
		};
		2338BEBA220A7840004F288F /* neon */ = {
			isa = PBXGroup;
			children = (
				238EA767223EA0D900981E98 /* neon.entitlements */,
				2338BEBB220A7840004F288F /* AppDelegate.swift */,
				23074FC6220B426200B64762 /* Service */,
				23074FC5220B425D00B64762 /* Extension */,
				23074FC4220B425600B64762 /* Controller */,
				23074FC3220B425300B64762 /* View */,
				23074FC2220B424E00B64762 /* Model */,
				2338BEC5220A7841004F288F /* Assets.xcassets */,
				2338BECA220A7841004F288F /* Info.plist */,
			);
			path = neon;
			sourceTree = "<group>";
		};
		2338BED2220A7841004F288F /* neonTests */ = {
			isa = PBXGroup;
			children = (
				2338BED3220A7841004F288F /* neonTests.swift */,
				2338BED5220A7841004F288F /* Info.plist */,
			);
			path = neonTests;
			sourceTree = "<group>";
		};
		2338BEDD220A7841004F288F /* neonUITests */ = {
			isa = PBXGroup;
			children = (
				2338BEDE220A7841004F288F /* neonUITests.swift */,
				2338BEE0220A7841004F288F /* Info.plist */,
			);
			path = neonUITests;
			sourceTree = "<group>";
		};
		2395A94F224AE1750007D6F2 /* neonToday */ = {
			isa = PBXGroup;
			children = (
				2395A95D224AE1920007D6F2 /* neonToday.entitlements */,
				2395A950224AE1750007D6F2 /* TodayViewController.swift */,
				2395A952224AE1750007D6F2 /* MainInterface.storyboard */,
				2395A955224AE1750007D6F2 /* Info.plist */,
				2395A95F224AE1CC0007D6F2 /* DataGateway.swift */,
				2395A961224AE1EF0007D6F2 /* AgendaItem.swift */,
			);
			path = neonToday;
			sourceTree = "<group>";
		};
		2395A966224AE78C0007D6F2 /* neonWatch */ = {
			isa = PBXGroup;
			children = (
				2395A967224AE78C0007D6F2 /* Interface.storyboard */,
				2395A96A224AE78D0007D6F2 /* Assets.xcassets */,
				2395A96C224AE78D0007D6F2 /* Info.plist */,
			);
			path = neonWatch;
			sourceTree = "<group>";
		};
		2395A975224AE78D0007D6F2 /* neonWatch Extension */ = {
			isa = PBXGroup;
			children = (
				237FFC31224B909A000A02C0 /* neonWatch Extension.entitlements */,
				237FFC2E224B8D84000A02C0 /* AgendaCardRowController.swift */,
				2395A976224AE78D0007D6F2 /* InterfaceController.swift */,
				2395A978224AE78D0007D6F2 /* ExtensionDelegate.swift */,
				2395A97A224AE78D0007D6F2 /* NotificationController.swift */,
				2395A97C224AE78E0007D6F2 /* Assets.xcassets */,
				2395A97E224AE78E0007D6F2 /* Info.plist */,
				2395A97F224AE78E0007D6F2 /* PushNotificationPayload.apns */,
				2395A98B224AEABE0007D6F2 /* AgendaItem.swift */,
				2395A98D224AEACD0007D6F2 /* DataGateway.swift */,
			);
			path = "neonWatch Extension";
			sourceTree = "<group>";
		};
		4B7EB119015E82801222CD3A /* Pods */ = {
			isa = PBXGroup;
			children = (
				A3593EBEBDFB2F7E14F71C3D /* Pods-neon.debug.xcconfig */,
				3090C3879864096A7AB572CC /* Pods-neon.release.xcconfig */,
				390CCC3E80133F37FB4A2306 /* Pods-neonTests.debug.xcconfig */,
				FEF89E64D0C593B4421B153A /* Pods-neonTests.release.xcconfig */,
				FF3FA86C71973A520B8323EA /* Pods-neonUITests.debug.xcconfig */,
				6B9A0107CCBF37CCAA2CAAD3 /* Pods-neonUITests.release.xcconfig */,
			);
			name = Pods;
			sourceTree = "<group>";
		};
		CBE1FB35023C3D4B2AC08158 /* Frameworks */ = {
			isa = PBXGroup;
			children = (
				237FFC32224B909C000A02C0 /* CloudKit.framework */,
				238EA768223EA0DC00981E98 /* CloudKit.framework */,
				8BA23B93EB57D0A9C87A3846 /* Pods_neon.framework */,
				9076E2F3ADB2E623D12BBF3D /* Pods_neonTests.framework */,
				F07358A92310DC9C6BA03B89 /* Pods_neonUITests.framework */,
				2395A94D224AE1750007D6F2 /* NotificationCenter.framework */,
			);
			name = Frameworks;
			sourceTree = "<group>";
		};
/* End PBXGroup section */

/* Begin PBXNativeTarget section */
		2338BEB7220A7840004F288F /* neon */ = {
			isa = PBXNativeTarget;
			buildConfigurationList = 2338BEE3220A7841004F288F /* Build configuration list for PBXNativeTarget "neon" */;
			buildPhases = (
				D08009ACCAB2FA3EEED83FA3 /* [CP] Check Pods Manifest.lock */,
				2338BEB4220A7840004F288F /* Sources */,
				2338BEB5220A7840004F288F /* Frameworks */,
				2338BEB6220A7840004F288F /* Resources */,
				23BA59672242B0C400AE45DE /* Embed Frameworks */,
				09348666DF0B4B3C5CAA324F /* [CP] Embed Pods Frameworks */,
				2395A95C224AE1750007D6F2 /* Embed App Extensions */,
				2395A98A224AE78E0007D6F2 /* Embed Watch Content */,
			);
			buildRules = (
			);
			dependencies = (
				2395A957224AE1750007D6F2 /* PBXTargetDependency */,
				2395A981224AE78E0007D6F2 /* PBXTargetDependency */,
			);
			name = neon;
			productName = neon;
			productReference = 2338BEB8220A7840004F288F /* neon.app */;
			productType = "com.apple.product-type.application";
		};
		2338BECE220A7841004F288F /* neonTests */ = {
			isa = PBXNativeTarget;
			buildConfigurationList = 2338BEE6220A7841004F288F /* Build configuration list for PBXNativeTarget "neonTests" */;
			buildPhases = (
				E7CC160CB2410A79C5A97A9B /* [CP] Check Pods Manifest.lock */,
				2338BECB220A7841004F288F /* Sources */,
				2338BECC220A7841004F288F /* Frameworks */,
				2338BECD220A7841004F288F /* Resources */,
			);
			buildRules = (
			);
			dependencies = (
				2338BED1220A7841004F288F /* PBXTargetDependency */,
			);
			name = neonTests;
			productName = neonTests;
			productReference = 2338BECF220A7841004F288F /* neonTests.xctest */;
			productType = "com.apple.product-type.bundle.unit-test";
		};
		2338BED9220A7841004F288F /* neonUITests */ = {
			isa = PBXNativeTarget;
			buildConfigurationList = 2338BEE9220A7841004F288F /* Build configuration list for PBXNativeTarget "neonUITests" */;
			buildPhases = (
				7C8B58ECED1F9FF1006E3FB1 /* [CP] Check Pods Manifest.lock */,
				2338BED6220A7841004F288F /* Sources */,
				2338BED7220A7841004F288F /* Frameworks */,
				2338BED8220A7841004F288F /* Resources */,
			);
			buildRules = (
			);
			dependencies = (
				2338BEDC220A7841004F288F /* PBXTargetDependency */,
			);
			name = neonUITests;
			productName = neonUITests;
			productReference = 2338BEDA220A7841004F288F /* neonUITests.xctest */;
			productType = "com.apple.product-type.bundle.ui-testing";
		};
		2395A94B224AE1750007D6F2 /* neonToday */ = {
			isa = PBXNativeTarget;
			buildConfigurationList = 2395A95B224AE1750007D6F2 /* Build configuration list for PBXNativeTarget "neonToday" */;
			buildPhases = (
				2395A948224AE1750007D6F2 /* Sources */,
				2395A949224AE1750007D6F2 /* Frameworks */,
				2395A94A224AE1750007D6F2 /* Resources */,
			);
			buildRules = (
			);
			dependencies = (
			);
			name = neonToday;
			productName = neonToday;
			productReference = 2395A94C224AE1750007D6F2 /* neonToday.appex */;
			productType = "com.apple.product-type.app-extension";
		};
		2395A964224AE78C0007D6F2 /* neonWatch */ = {
			isa = PBXNativeTarget;
			buildConfigurationList = 2395A987224AE78E0007D6F2 /* Build configuration list for PBXNativeTarget "neonWatch" */;
			buildPhases = (
				2395A963224AE78C0007D6F2 /* Resources */,
				2395A986224AE78E0007D6F2 /* Embed App Extensions */,
			);
			buildRules = (
			);
			dependencies = (
				2395A974224AE78D0007D6F2 /* PBXTargetDependency */,
			);
			name = neonWatch;
			productName = neonWatch;
			productReference = 2395A965224AE78C0007D6F2 /* neonWatch.app */;
			productType = "com.apple.product-type.application.watchapp2";
		};
		2395A970224AE78D0007D6F2 /* neonWatch Extension */ = {
			isa = PBXNativeTarget;
			buildConfigurationList = 2395A983224AE78E0007D6F2 /* Build configuration list for PBXNativeTarget "neonWatch Extension" */;
			buildPhases = (
				2395A96D224AE78D0007D6F2 /* Sources */,
				2395A96E224AE78D0007D6F2 /* Frameworks */,
				2395A96F224AE78D0007D6F2 /* Resources */,
			);
			buildRules = (
			);
			dependencies = (
			);
			name = "neonWatch Extension";
			productName = "neonWatch Extension";
			productReference = 2395A971224AE78D0007D6F2 /* neonWatch Extension.appex */;
			productType = "com.apple.product-type.watchkit2-extension";
		};
/* End PBXNativeTarget section */

/* Begin PBXProject section */
		2338BEB0220A7840004F288F /* Project object */ = {
			isa = PBXProject;
			attributes = {
				LastSwiftUpdateCheck = 1020;
				LastUpgradeCheck = 1010;
				ORGANIZATIONNAME = "James Saeed";
				TargetAttributes = {
					2338BEB7220A7840004F288F = {
						CreatedOnToolsVersion = 10.1;
						SystemCapabilities = {
							com.apple.BackgroundModes = {
								enabled = 0;
							};
							com.apple.Push = {
								enabled = 0;
							};
							com.apple.iCloud = {
								enabled = 1;
							};
						};
					};
					2338BECE220A7841004F288F = {
						CreatedOnToolsVersion = 10.1;
						LastSwiftMigration = 1020;
						TestTargetID = 2338BEB7220A7840004F288F;
					};
					2338BED9220A7841004F288F = {
						CreatedOnToolsVersion = 10.1;
						LastSwiftMigration = 1020;
						TestTargetID = 2338BEB7220A7840004F288F;
					};
					2395A94B224AE1750007D6F2 = {
						CreatedOnToolsVersion = 10.2;
						SystemCapabilities = {
							com.apple.Push = {
								enabled = 1;
							};
							com.apple.iCloud = {
								enabled = 1;
							};
						};
					};
					2395A964224AE78C0007D6F2 = {
						CreatedOnToolsVersion = 10.2;
					};
					2395A970224AE78D0007D6F2 = {
						CreatedOnToolsVersion = 10.2;
						SystemCapabilities = {
							com.apple.Push = {
								enabled = 1;
							};
							com.apple.iCloud = {
								enabled = 1;
							};
						};
					};
				};
			};
			buildConfigurationList = 2338BEB3220A7840004F288F /* Build configuration list for PBXProject "neon" */;
			compatibilityVersion = "Xcode 9.3";
			developmentRegion = en;
			hasScannedForEncodings = 0;
			knownRegions = (
				en,
				Base,
			);
			mainGroup = 2338BEAF220A7840004F288F;
			productRefGroup = 2338BEB9220A7840004F288F /* Products */;
			projectDirPath = "";
			projectRoot = "";
			targets = (
				2338BEB7220A7840004F288F /* neon */,
				2338BECE220A7841004F288F /* neonTests */,
				2338BED9220A7841004F288F /* neonUITests */,
				2395A94B224AE1750007D6F2 /* neonToday */,
				2395A964224AE78C0007D6F2 /* neonWatch */,
				2395A970224AE78D0007D6F2 /* neonWatch Extension */,
			);
		};
/* End PBXProject section */

/* Begin PBXResourcesBuildPhase section */
		2338BEB6220A7840004F288F /* Resources */ = {
			isa = PBXResourcesBuildPhase;
			buildActionMask = 2147483647;
			files = (
				23D41E6C2224127800D909FD /* SectionHeaderView.xib in Resources */,
				2338BEC9220A7841004F288F /* LaunchScreen.storyboard in Resources */,
				2338BEC6220A7841004F288F /* Assets.xcassets in Resources */,
				2338BEC1220A7840004F288F /* Main.storyboard in Resources */,
			);
			runOnlyForDeploymentPostprocessing = 0;
		};
		2338BECD220A7841004F288F /* Resources */ = {
			isa = PBXResourcesBuildPhase;
			buildActionMask = 2147483647;
			files = (
			);
			runOnlyForDeploymentPostprocessing = 0;
		};
		2338BED8220A7841004F288F /* Resources */ = {
			isa = PBXResourcesBuildPhase;
			buildActionMask = 2147483647;
			files = (
			);
			runOnlyForDeploymentPostprocessing = 0;
		};
		2395A94A224AE1750007D6F2 /* Resources */ = {
			isa = PBXResourcesBuildPhase;
			buildActionMask = 2147483647;
			files = (
				2395A954224AE1750007D6F2 /* MainInterface.storyboard in Resources */,
			);
			runOnlyForDeploymentPostprocessing = 0;
		};
		2395A963224AE78C0007D6F2 /* Resources */ = {
			isa = PBXResourcesBuildPhase;
			buildActionMask = 2147483647;
			files = (
				2395A96B224AE78D0007D6F2 /* Assets.xcassets in Resources */,
				2395A969224AE78C0007D6F2 /* Interface.storyboard in Resources */,
			);
			runOnlyForDeploymentPostprocessing = 0;
		};
		2395A96F224AE78D0007D6F2 /* Resources */ = {
			isa = PBXResourcesBuildPhase;
			buildActionMask = 2147483647;
			files = (
				2395A97D224AE78E0007D6F2 /* Assets.xcassets in Resources */,
			);
			runOnlyForDeploymentPostprocessing = 0;
		};
/* End PBXResourcesBuildPhase section */

/* Begin PBXShellScriptBuildPhase section */
		09348666DF0B4B3C5CAA324F /* [CP] Embed Pods Frameworks */ = {
			isa = PBXShellScriptBuildPhase;
			buildActionMask = 2147483647;
			files = (
			);
			inputFileListPaths = (
			);
			inputPaths = (
				"${SRCROOT}/Pods/Target Support Files/Pods-neon/Pods-neon-frameworks.sh",
				"${BUILT_PRODUCTS_DIR}/WhatsNewKit/WhatsNewKit.framework",
			);
			name = "[CP] Embed Pods Frameworks";
			outputFileListPaths = (
			);
			outputPaths = (
				"${TARGET_BUILD_DIR}/${FRAMEWORKS_FOLDER_PATH}/WhatsNewKit.framework",
			);
			runOnlyForDeploymentPostprocessing = 0;
			shellPath = /bin/sh;
			shellScript = "\"${SRCROOT}/Pods/Target Support Files/Pods-neon/Pods-neon-frameworks.sh\"\n";
			showEnvVarsInLog = 0;
		};
		7C8B58ECED1F9FF1006E3FB1 /* [CP] Check Pods Manifest.lock */ = {
			isa = PBXShellScriptBuildPhase;
			buildActionMask = 2147483647;
			files = (
			);
			inputFileListPaths = (
			);
			inputPaths = (
				"${PODS_PODFILE_DIR_PATH}/Podfile.lock",
				"${PODS_ROOT}/Manifest.lock",
			);
			name = "[CP] Check Pods Manifest.lock";
			outputFileListPaths = (
			);
			outputPaths = (
				"$(DERIVED_FILE_DIR)/Pods-neonUITests-checkManifestLockResult.txt",
			);
			runOnlyForDeploymentPostprocessing = 0;
			shellPath = /bin/sh;
			shellScript = "diff \"${PODS_PODFILE_DIR_PATH}/Podfile.lock\" \"${PODS_ROOT}/Manifest.lock\" > /dev/null\nif [ $? != 0 ] ; then\n    # print error to STDERR\n    echo \"error: The sandbox is not in sync with the Podfile.lock. Run 'pod install' or update your CocoaPods installation.\" >&2\n    exit 1\nfi\n# This output is used by Xcode 'outputs' to avoid re-running this script phase.\necho \"SUCCESS\" > \"${SCRIPT_OUTPUT_FILE_0}\"\n";
			showEnvVarsInLog = 0;
		};
		D08009ACCAB2FA3EEED83FA3 /* [CP] Check Pods Manifest.lock */ = {
			isa = PBXShellScriptBuildPhase;
			buildActionMask = 2147483647;
			files = (
			);
			inputFileListPaths = (
			);
			inputPaths = (
				"${PODS_PODFILE_DIR_PATH}/Podfile.lock",
				"${PODS_ROOT}/Manifest.lock",
			);
			name = "[CP] Check Pods Manifest.lock";
			outputFileListPaths = (
			);
			outputPaths = (
				"$(DERIVED_FILE_DIR)/Pods-neon-checkManifestLockResult.txt",
			);
			runOnlyForDeploymentPostprocessing = 0;
			shellPath = /bin/sh;
			shellScript = "diff \"${PODS_PODFILE_DIR_PATH}/Podfile.lock\" \"${PODS_ROOT}/Manifest.lock\" > /dev/null\nif [ $? != 0 ] ; then\n    # print error to STDERR\n    echo \"error: The sandbox is not in sync with the Podfile.lock. Run 'pod install' or update your CocoaPods installation.\" >&2\n    exit 1\nfi\n# This output is used by Xcode 'outputs' to avoid re-running this script phase.\necho \"SUCCESS\" > \"${SCRIPT_OUTPUT_FILE_0}\"\n";
			showEnvVarsInLog = 0;
		};
		E7CC160CB2410A79C5A97A9B /* [CP] Check Pods Manifest.lock */ = {
			isa = PBXShellScriptBuildPhase;
			buildActionMask = 2147483647;
			files = (
			);
			inputFileListPaths = (
			);
			inputPaths = (
				"${PODS_PODFILE_DIR_PATH}/Podfile.lock",
				"${PODS_ROOT}/Manifest.lock",
			);
			name = "[CP] Check Pods Manifest.lock";
			outputFileListPaths = (
			);
			outputPaths = (
				"$(DERIVED_FILE_DIR)/Pods-neonTests-checkManifestLockResult.txt",
			);
			runOnlyForDeploymentPostprocessing = 0;
			shellPath = /bin/sh;
			shellScript = "diff \"${PODS_PODFILE_DIR_PATH}/Podfile.lock\" \"${PODS_ROOT}/Manifest.lock\" > /dev/null\nif [ $? != 0 ] ; then\n    # print error to STDERR\n    echo \"error: The sandbox is not in sync with the Podfile.lock. Run 'pod install' or update your CocoaPods installation.\" >&2\n    exit 1\nfi\n# This output is used by Xcode 'outputs' to avoid re-running this script phase.\necho \"SUCCESS\" > \"${SCRIPT_OUTPUT_FILE_0}\"\n";
			showEnvVarsInLog = 0;
		};
/* End PBXShellScriptBuildPhase section */

/* Begin PBXSourcesBuildPhase section */
		2338BEB4220A7840004F288F /* Sources */ = {
			isa = PBXSourcesBuildPhase;
			buildActionMask = 2147483647;
			files = (
				231898DD221D92F1005766AF /* AddAgendAlertViewController.swift in Sources */,
				23074FC8220B4A5D00B64762 /* AgendaItem.swift in Sources */,
				2338BEC4220A7840004F288F /* neon.xcdatamodeld in Sources */,
				2338BEEF220A78FF004F288F /* AgendaCardCell.swift in Sources */,
				2338BEED220A78C5004F288F /* UIViewX.swift in Sources */,
				234C1A0B220C8F9900344316 /* TodayHeaderCell.swift in Sources */,
				2338BEBE220A7840004F288F /* DayViewController.swift in Sources */,
				23074FCE220B53AB00B64762 /* UIButtonX.swift in Sources */,
				23074FCA220B4B5700B64762 /* Int+Ext.swift in Sources */,
				2325C88C224912B5008C687B /* DataGateway.swift in Sources */,
				2338BEBC220A7840004F288F /* AppDelegate.swift in Sources */,
				23B63CE1222491050026B9C2 /* CalendarGateway.swift in Sources */,
				23D41E6E222412FF00D909FD /* SectionHeaderView.swift in Sources */,
				23074FCC220B4DE800B64762 /* EmptyCardCell.swift in Sources */,
				234C1A09220C8E9D00344316 /* Date+Ext.swift in Sources */,
			);
			runOnlyForDeploymentPostprocessing = 0;
		};
		2338BECB220A7841004F288F /* Sources */ = {
			isa = PBXSourcesBuildPhase;
			buildActionMask = 2147483647;
			files = (
				2338BED4220A7841004F288F /* neonTests.swift in Sources */,
			);
			runOnlyForDeploymentPostprocessing = 0;
		};
		2338BED6220A7841004F288F /* Sources */ = {
			isa = PBXSourcesBuildPhase;
			buildActionMask = 2147483647;
			files = (
				2338BEDF220A7841004F288F /* neonUITests.swift in Sources */,
			);
			runOnlyForDeploymentPostprocessing = 0;
		};
		2395A948224AE1750007D6F2 /* Sources */ = {
			isa = PBXSourcesBuildPhase;
			buildActionMask = 2147483647;
			files = (
				2395A962224AE1EF0007D6F2 /* AgendaItem.swift in Sources */,
				2395A960224AE1CC0007D6F2 /* DataGateway.swift in Sources */,
				2395A951224AE1750007D6F2 /* TodayViewController.swift in Sources */,
			);
			runOnlyForDeploymentPostprocessing = 0;
		};
		2395A96D224AE78D0007D6F2 /* Sources */ = {
			isa = PBXSourcesBuildPhase;
			buildActionMask = 2147483647;
			files = (
				237FFC30224B8FAA000A02C0 /* AgendaCardRowController.swift in Sources */,
				2395A98E224AEACD0007D6F2 /* DataGateway.swift in Sources */,
				2395A97B224AE78D0007D6F2 /* NotificationController.swift in Sources */,
				2395A979224AE78D0007D6F2 /* ExtensionDelegate.swift in Sources */,
				2395A98C224AEABE0007D6F2 /* AgendaItem.swift in Sources */,
				2395A977224AE78D0007D6F2 /* InterfaceController.swift in Sources */,
			);
			runOnlyForDeploymentPostprocessing = 0;
		};
/* End PBXSourcesBuildPhase section */

/* Begin PBXTargetDependency section */
		2338BED1220A7841004F288F /* PBXTargetDependency */ = {
			isa = PBXTargetDependency;
			target = 2338BEB7220A7840004F288F /* neon */;
			targetProxy = 2338BED0220A7841004F288F /* PBXContainerItemProxy */;
		};
		2338BEDC220A7841004F288F /* PBXTargetDependency */ = {
			isa = PBXTargetDependency;
			target = 2338BEB7220A7840004F288F /* neon */;
			targetProxy = 2338BEDB220A7841004F288F /* PBXContainerItemProxy */;
		};
		2395A957224AE1750007D6F2 /* PBXTargetDependency */ = {
			isa = PBXTargetDependency;
			target = 2395A94B224AE1750007D6F2 /* neonToday */;
			targetProxy = 2395A956224AE1750007D6F2 /* PBXContainerItemProxy */;
		};
		2395A974224AE78D0007D6F2 /* PBXTargetDependency */ = {
			isa = PBXTargetDependency;
			target = 2395A970224AE78D0007D6F2 /* neonWatch Extension */;
			targetProxy = 2395A973224AE78D0007D6F2 /* PBXContainerItemProxy */;
		};
		2395A981224AE78E0007D6F2 /* PBXTargetDependency */ = {
			isa = PBXTargetDependency;
			target = 2395A964224AE78C0007D6F2 /* neonWatch */;
			targetProxy = 2395A980224AE78E0007D6F2 /* PBXContainerItemProxy */;
		};
/* End PBXTargetDependency section */

/* Begin PBXVariantGroup section */
		2338BEBF220A7840004F288F /* Main.storyboard */ = {
			isa = PBXVariantGroup;
			children = (
				2338BEC0220A7840004F288F /* Base */,
			);
			name = Main.storyboard;
			sourceTree = "<group>";
		};
		2338BEC7220A7841004F288F /* LaunchScreen.storyboard */ = {
			isa = PBXVariantGroup;
			children = (
				2338BEC8220A7841004F288F /* Base */,
			);
			name = LaunchScreen.storyboard;
			sourceTree = "<group>";
		};
		2395A952224AE1750007D6F2 /* MainInterface.storyboard */ = {
			isa = PBXVariantGroup;
			children = (
				2395A953224AE1750007D6F2 /* Base */,
			);
			name = MainInterface.storyboard;
			sourceTree = "<group>";
		};
		2395A967224AE78C0007D6F2 /* Interface.storyboard */ = {
			isa = PBXVariantGroup;
			children = (
				2395A968224AE78C0007D6F2 /* Base */,
			);
			name = Interface.storyboard;
			sourceTree = "<group>";
		};
/* End PBXVariantGroup section */

/* Begin XCBuildConfiguration section */
		2338BEE1220A7841004F288F /* Debug */ = {
			isa = XCBuildConfiguration;
			buildSettings = {
				ALWAYS_SEARCH_USER_PATHS = NO;
				CLANG_ANALYZER_NONNULL = YES;
				CLANG_ANALYZER_NUMBER_OBJECT_CONVERSION = YES_AGGRESSIVE;
				CLANG_CXX_LANGUAGE_STANDARD = "gnu++14";
				CLANG_CXX_LIBRARY = "libc++";
				CLANG_ENABLE_MODULES = YES;
				CLANG_ENABLE_OBJC_ARC = YES;
				CLANG_ENABLE_OBJC_WEAK = YES;
				CLANG_WARN_BLOCK_CAPTURE_AUTORELEASING = YES;
				CLANG_WARN_BOOL_CONVERSION = YES;
				CLANG_WARN_COMMA = YES;
				CLANG_WARN_CONSTANT_CONVERSION = YES;
				CLANG_WARN_DEPRECATED_OBJC_IMPLEMENTATIONS = YES;
				CLANG_WARN_DIRECT_OBJC_ISA_USAGE = YES_ERROR;
				CLANG_WARN_DOCUMENTATION_COMMENTS = YES;
				CLANG_WARN_EMPTY_BODY = YES;
				CLANG_WARN_ENUM_CONVERSION = YES;
				CLANG_WARN_INFINITE_RECURSION = YES;
				CLANG_WARN_INT_CONVERSION = YES;
				CLANG_WARN_NON_LITERAL_NULL_CONVERSION = YES;
				CLANG_WARN_OBJC_IMPLICIT_RETAIN_SELF = YES;
				CLANG_WARN_OBJC_LITERAL_CONVERSION = YES;
				CLANG_WARN_OBJC_ROOT_CLASS = YES_ERROR;
				CLANG_WARN_RANGE_LOOP_ANALYSIS = YES;
				CLANG_WARN_STRICT_PROTOTYPES = YES;
				CLANG_WARN_SUSPICIOUS_MOVE = YES;
				CLANG_WARN_UNGUARDED_AVAILABILITY = YES_AGGRESSIVE;
				CLANG_WARN_UNREACHABLE_CODE = YES;
				CLANG_WARN__DUPLICATE_METHOD_MATCH = YES;
				CODE_SIGN_IDENTITY = "iPhone Developer";
				COPY_PHASE_STRIP = NO;
				DEBUG_INFORMATION_FORMAT = dwarf;
				ENABLE_STRICT_OBJC_MSGSEND = YES;
				ENABLE_TESTABILITY = YES;
				GCC_C_LANGUAGE_STANDARD = gnu11;
				GCC_DYNAMIC_NO_PIC = NO;
				GCC_NO_COMMON_BLOCKS = YES;
				GCC_OPTIMIZATION_LEVEL = 0;
				GCC_PREPROCESSOR_DEFINITIONS = (
					"DEBUG=1",
					"$(inherited)",
				);
				GCC_WARN_64_TO_32_BIT_CONVERSION = YES;
				GCC_WARN_ABOUT_RETURN_TYPE = YES_ERROR;
				GCC_WARN_UNDECLARED_SELECTOR = YES;
				GCC_WARN_UNINITIALIZED_AUTOS = YES_AGGRESSIVE;
				GCC_WARN_UNUSED_FUNCTION = YES;
				GCC_WARN_UNUSED_VARIABLE = YES;
				IPHONEOS_DEPLOYMENT_TARGET = 12.1;
				MTL_ENABLE_DEBUG_INFO = INCLUDE_SOURCE;
				MTL_FAST_MATH = YES;
				ONLY_ACTIVE_ARCH = YES;
				SDKROOT = iphoneos;
				SWIFT_ACTIVE_COMPILATION_CONDITIONS = DEBUG;
				SWIFT_OPTIMIZATION_LEVEL = "-Onone";
			};
			name = Debug;
		};
		2338BEE2220A7841004F288F /* Release */ = {
			isa = XCBuildConfiguration;
			buildSettings = {
				ALWAYS_SEARCH_USER_PATHS = NO;
				CLANG_ANALYZER_NONNULL = YES;
				CLANG_ANALYZER_NUMBER_OBJECT_CONVERSION = YES_AGGRESSIVE;
				CLANG_CXX_LANGUAGE_STANDARD = "gnu++14";
				CLANG_CXX_LIBRARY = "libc++";
				CLANG_ENABLE_MODULES = YES;
				CLANG_ENABLE_OBJC_ARC = YES;
				CLANG_ENABLE_OBJC_WEAK = YES;
				CLANG_WARN_BLOCK_CAPTURE_AUTORELEASING = YES;
				CLANG_WARN_BOOL_CONVERSION = YES;
				CLANG_WARN_COMMA = YES;
				CLANG_WARN_CONSTANT_CONVERSION = YES;
				CLANG_WARN_DEPRECATED_OBJC_IMPLEMENTATIONS = YES;
				CLANG_WARN_DIRECT_OBJC_ISA_USAGE = YES_ERROR;
				CLANG_WARN_DOCUMENTATION_COMMENTS = YES;
				CLANG_WARN_EMPTY_BODY = YES;
				CLANG_WARN_ENUM_CONVERSION = YES;
				CLANG_WARN_INFINITE_RECURSION = YES;
				CLANG_WARN_INT_CONVERSION = YES;
				CLANG_WARN_NON_LITERAL_NULL_CONVERSION = YES;
				CLANG_WARN_OBJC_IMPLICIT_RETAIN_SELF = YES;
				CLANG_WARN_OBJC_LITERAL_CONVERSION = YES;
				CLANG_WARN_OBJC_ROOT_CLASS = YES_ERROR;
				CLANG_WARN_RANGE_LOOP_ANALYSIS = YES;
				CLANG_WARN_STRICT_PROTOTYPES = YES;
				CLANG_WARN_SUSPICIOUS_MOVE = YES;
				CLANG_WARN_UNGUARDED_AVAILABILITY = YES_AGGRESSIVE;
				CLANG_WARN_UNREACHABLE_CODE = YES;
				CLANG_WARN__DUPLICATE_METHOD_MATCH = YES;
				CODE_SIGN_IDENTITY = "iPhone Developer";
				COPY_PHASE_STRIP = NO;
				DEBUG_INFORMATION_FORMAT = "dwarf-with-dsym";
				ENABLE_NS_ASSERTIONS = NO;
				ENABLE_STRICT_OBJC_MSGSEND = YES;
				GCC_C_LANGUAGE_STANDARD = gnu11;
				GCC_NO_COMMON_BLOCKS = YES;
				GCC_WARN_64_TO_32_BIT_CONVERSION = YES;
				GCC_WARN_ABOUT_RETURN_TYPE = YES_ERROR;
				GCC_WARN_UNDECLARED_SELECTOR = YES;
				GCC_WARN_UNINITIALIZED_AUTOS = YES_AGGRESSIVE;
				GCC_WARN_UNUSED_FUNCTION = YES;
				GCC_WARN_UNUSED_VARIABLE = YES;
				IPHONEOS_DEPLOYMENT_TARGET = 12.1;
				MTL_ENABLE_DEBUG_INFO = NO;
				MTL_FAST_MATH = YES;
				SDKROOT = iphoneos;
				SWIFT_COMPILATION_MODE = wholemodule;
				SWIFT_OPTIMIZATION_LEVEL = "-O";
				VALIDATE_PRODUCT = YES;
			};
			name = Release;
		};
		2338BEE4220A7841004F288F /* Debug */ = {
			isa = XCBuildConfiguration;
			baseConfigurationReference = A3593EBEBDFB2F7E14F71C3D /* Pods-neon.debug.xcconfig */;
			buildSettings = {
				ALWAYS_EMBED_SWIFT_STANDARD_LIBRARIES = YES;
				ASSETCATALOG_COMPILER_APPICON_NAME = AppIcon;
				CODE_SIGN_ENTITLEMENTS = neon/neon.entitlements;
				CODE_SIGN_STYLE = Automatic;
				DEVELOPMENT_TEAM = 577WSH643L;
				INFOPLIST_FILE = neon/Info.plist;
				IPHONEOS_DEPLOYMENT_TARGET = 11.0;
				LD_RUNPATH_SEARCH_PATHS = (
					"$(inherited)",
					"@executable_path/Frameworks",
				);
				PRODUCT_BUNDLE_IDENTIFIER = com.evh98.neon;
				PRODUCT_NAME = "$(TARGET_NAME)";
				SWIFT_VERSION = 5.0;
				TARGETED_DEVICE_FAMILY = "1,2";
			};
			name = Debug;
		};
		2338BEE5220A7841004F288F /* Release */ = {
			isa = XCBuildConfiguration;
			baseConfigurationReference = 3090C3879864096A7AB572CC /* Pods-neon.release.xcconfig */;
			buildSettings = {
				ALWAYS_EMBED_SWIFT_STANDARD_LIBRARIES = YES;
				ASSETCATALOG_COMPILER_APPICON_NAME = AppIcon;
				CODE_SIGN_ENTITLEMENTS = neon/neon.entitlements;
				CODE_SIGN_STYLE = Automatic;
				DEVELOPMENT_TEAM = 577WSH643L;
				INFOPLIST_FILE = neon/Info.plist;
				IPHONEOS_DEPLOYMENT_TARGET = 11.0;
				LD_RUNPATH_SEARCH_PATHS = (
					"$(inherited)",
					"@executable_path/Frameworks",
				);
				PRODUCT_BUNDLE_IDENTIFIER = com.evh98.neon;
				PRODUCT_NAME = "$(TARGET_NAME)";
				SWIFT_VERSION = 5.0;
				TARGETED_DEVICE_FAMILY = "1,2";
			};
			name = Release;
		};
		2338BEE7220A7841004F288F /* Debug */ = {
			isa = XCBuildConfiguration;
			baseConfigurationReference = 390CCC3E80133F37FB4A2306 /* Pods-neonTests.debug.xcconfig */;
			buildSettings = {
				ALWAYS_EMBED_SWIFT_STANDARD_LIBRARIES = YES;
				BUNDLE_LOADER = "$(TEST_HOST)";
				CODE_SIGN_STYLE = Automatic;
				DEVELOPMENT_TEAM = 577WSH643L;
				INFOPLIST_FILE = neonTests/Info.plist;
				LD_RUNPATH_SEARCH_PATHS = (
					"$(inherited)",
					"@executable_path/Frameworks",
					"@loader_path/Frameworks",
				);
				PRODUCT_BUNDLE_IDENTIFIER = com.evh98.neonTests;
				PRODUCT_NAME = "$(TARGET_NAME)";
				SWIFT_VERSION = 5.0;
				TARGETED_DEVICE_FAMILY = "1,2";
				TEST_HOST = "$(BUILT_PRODUCTS_DIR)/neon.app/neon";
			};
			name = Debug;
		};
		2338BEE8220A7841004F288F /* Release */ = {
			isa = XCBuildConfiguration;
			baseConfigurationReference = FEF89E64D0C593B4421B153A /* Pods-neonTests.release.xcconfig */;
			buildSettings = {
				ALWAYS_EMBED_SWIFT_STANDARD_LIBRARIES = YES;
				BUNDLE_LOADER = "$(TEST_HOST)";
				CODE_SIGN_STYLE = Automatic;
				DEVELOPMENT_TEAM = 577WSH643L;
				INFOPLIST_FILE = neonTests/Info.plist;
				LD_RUNPATH_SEARCH_PATHS = (
					"$(inherited)",
					"@executable_path/Frameworks",
					"@loader_path/Frameworks",
				);
				PRODUCT_BUNDLE_IDENTIFIER = com.evh98.neonTests;
				PRODUCT_NAME = "$(TARGET_NAME)";
				SWIFT_VERSION = 5.0;
				TARGETED_DEVICE_FAMILY = "1,2";
				TEST_HOST = "$(BUILT_PRODUCTS_DIR)/neon.app/neon";
			};
			name = Release;
		};
		2338BEEA220A7841004F288F /* Debug */ = {
			isa = XCBuildConfiguration;
			baseConfigurationReference = FF3FA86C71973A520B8323EA /* Pods-neonUITests.debug.xcconfig */;
			buildSettings = {
				ALWAYS_EMBED_SWIFT_STANDARD_LIBRARIES = YES;
				CODE_SIGN_STYLE = Automatic;
				DEVELOPMENT_TEAM = 577WSH643L;
				INFOPLIST_FILE = neonUITests/Info.plist;
				LD_RUNPATH_SEARCH_PATHS = (
					"$(inherited)",
					"@executable_path/Frameworks",
					"@loader_path/Frameworks",
				);
				PRODUCT_BUNDLE_IDENTIFIER = com.evh98.neonUITests;
				PRODUCT_NAME = "$(TARGET_NAME)";
				SWIFT_VERSION = 5.0;
				TARGETED_DEVICE_FAMILY = "1,2";
				TEST_TARGET_NAME = neon;
			};
			name = Debug;
		};
		2338BEEB220A7841004F288F /* Release */ = {
			isa = XCBuildConfiguration;
			baseConfigurationReference = 6B9A0107CCBF37CCAA2CAAD3 /* Pods-neonUITests.release.xcconfig */;
			buildSettings = {
				ALWAYS_EMBED_SWIFT_STANDARD_LIBRARIES = YES;
				CODE_SIGN_STYLE = Automatic;
				DEVELOPMENT_TEAM = 577WSH643L;
				INFOPLIST_FILE = neonUITests/Info.plist;
				LD_RUNPATH_SEARCH_PATHS = (
					"$(inherited)",
					"@executable_path/Frameworks",
					"@loader_path/Frameworks",
				);
				PRODUCT_BUNDLE_IDENTIFIER = com.evh98.neonUITests;
				PRODUCT_NAME = "$(TARGET_NAME)";
				SWIFT_VERSION = 5.0;
				TARGETED_DEVICE_FAMILY = "1,2";
				TEST_TARGET_NAME = neon;
			};
			name = Release;
		};
		2395A959224AE1750007D6F2 /* Debug */ = {
			isa = XCBuildConfiguration;
			buildSettings = {
				CODE_SIGN_ENTITLEMENTS = neonToday/neonToday.entitlements;
				CODE_SIGN_STYLE = Automatic;
				DEVELOPMENT_TEAM = 577WSH643L;
				INFOPLIST_FILE = neonToday/Info.plist;
				IPHONEOS_DEPLOYMENT_TARGET = 11.0;
				LD_RUNPATH_SEARCH_PATHS = (
					"$(inherited)",
					"@executable_path/Frameworks",
					"@executable_path/../../Frameworks",
				);
				PRODUCT_BUNDLE_IDENTIFIER = com.evh98.neon.neonToday;
				PRODUCT_NAME = "$(TARGET_NAME)";
				SKIP_INSTALL = YES;
				SWIFT_VERSION = 5.0;
				TARGETED_DEVICE_FAMILY = "1,2";
			};
			name = Debug;
		};
		2395A95A224AE1750007D6F2 /* Release */ = {
			isa = XCBuildConfiguration;
			buildSettings = {
				CODE_SIGN_ENTITLEMENTS = neonToday/neonToday.entitlements;
				CODE_SIGN_STYLE = Automatic;
				DEVELOPMENT_TEAM = 577WSH643L;
				INFOPLIST_FILE = neonToday/Info.plist;
				IPHONEOS_DEPLOYMENT_TARGET = 11.0;
				LD_RUNPATH_SEARCH_PATHS = (
					"$(inherited)",
					"@executable_path/Frameworks",
					"@executable_path/../../Frameworks",
				);
				PRODUCT_BUNDLE_IDENTIFIER = com.evh98.neon.neonToday;
				PRODUCT_NAME = "$(TARGET_NAME)";
				SKIP_INSTALL = YES;
				SWIFT_VERSION = 5.0;
				TARGETED_DEVICE_FAMILY = "1,2";
			};
			name = Release;
		};
		2395A984224AE78E0007D6F2 /* Debug */ = {
			isa = XCBuildConfiguration;
			buildSettings = {
				ASSETCATALOG_COMPILER_COMPLICATION_NAME = Complication;
				CODE_SIGN_ENTITLEMENTS = "neonWatch Extension/neonWatch Extension.entitlements";
				CODE_SIGN_STYLE = Automatic;
				DEVELOPMENT_TEAM = 577WSH643L;
				INFOPLIST_FILE = "neonWatch Extension/Info.plist";
				LD_RUNPATH_SEARCH_PATHS = (
					"$(inherited)",
					"@executable_path/Frameworks",
					"@executable_path/../../Frameworks",
				);
				PRODUCT_BUNDLE_IDENTIFIER = com.evh98.neon.watchkitapp.watchkitextension;
				PRODUCT_NAME = "${TARGET_NAME}";
				SDKROOT = watchos;
				SKIP_INSTALL = YES;
				SWIFT_VERSION = 5.0;
				TARGETED_DEVICE_FAMILY = 4;
				WATCHOS_DEPLOYMENT_TARGET = 5.2;
			};
			name = Debug;
		};
		2395A985224AE78E0007D6F2 /* Release */ = {
			isa = XCBuildConfiguration;
			buildSettings = {
				ASSETCATALOG_COMPILER_COMPLICATION_NAME = Complication;
				CODE_SIGN_ENTITLEMENTS = "neonWatch Extension/neonWatch Extension.entitlements";
				CODE_SIGN_STYLE = Automatic;
				DEVELOPMENT_TEAM = 577WSH643L;
				INFOPLIST_FILE = "neonWatch Extension/Info.plist";
				LD_RUNPATH_SEARCH_PATHS = (
					"$(inherited)",
					"@executable_path/Frameworks",
					"@executable_path/../../Frameworks",
				);
				PRODUCT_BUNDLE_IDENTIFIER = com.evh98.neon.watchkitapp.watchkitextension;
				PRODUCT_NAME = "${TARGET_NAME}";
				SDKROOT = watchos;
				SKIP_INSTALL = YES;
				SWIFT_VERSION = 5.0;
				TARGETED_DEVICE_FAMILY = 4;
				WATCHOS_DEPLOYMENT_TARGET = 5.2;
			};
			name = Release;
		};
		2395A988224AE78E0007D6F2 /* Debug */ = {
			isa = XCBuildConfiguration;
			buildSettings = {
				ALWAYS_EMBED_SWIFT_STANDARD_LIBRARIES = YES;
				ASSETCATALOG_COMPILER_APPICON_NAME = AppIcon;
				CODE_SIGN_STYLE = Automatic;
				DEVELOPMENT_TEAM = 577WSH643L;
				IBSC_MODULE = neonWatch_Extension;
				INFOPLIST_FILE = neonWatch/Info.plist;
				PRODUCT_BUNDLE_IDENTIFIER = com.evh98.neon.watchkitapp;
				PRODUCT_NAME = "$(TARGET_NAME)";
				SDKROOT = watchos;
				SKIP_INSTALL = YES;
				SWIFT_VERSION = 5.0;
				TARGETED_DEVICE_FAMILY = 4;
				WATCHOS_DEPLOYMENT_TARGET = 5.1;
			};
			name = Debug;
		};
		2395A989224AE78E0007D6F2 /* Release */ = {
			isa = XCBuildConfiguration;
			buildSettings = {
				ALWAYS_EMBED_SWIFT_STANDARD_LIBRARIES = YES;
				ASSETCATALOG_COMPILER_APPICON_NAME = AppIcon;
				CODE_SIGN_STYLE = Automatic;
				DEVELOPMENT_TEAM = 577WSH643L;
				IBSC_MODULE = neonWatch_Extension;
				INFOPLIST_FILE = neonWatch/Info.plist;
				PRODUCT_BUNDLE_IDENTIFIER = com.evh98.neon.watchkitapp;
				PRODUCT_NAME = "$(TARGET_NAME)";
				SDKROOT = watchos;
				SKIP_INSTALL = YES;
				SWIFT_VERSION = 5.0;
				TARGETED_DEVICE_FAMILY = 4;
				WATCHOS_DEPLOYMENT_TARGET = 5.1;
			};
			name = Release;
		};
/* End XCBuildConfiguration section */

/* Begin XCConfigurationList section */
		2338BEB3220A7840004F288F /* Build configuration list for PBXProject "neon" */ = {
			isa = XCConfigurationList;
			buildConfigurations = (
				2338BEE1220A7841004F288F /* Debug */,
				2338BEE2220A7841004F288F /* Release */,
			);
			defaultConfigurationIsVisible = 0;
			defaultConfigurationName = Release;
		};
		2338BEE3220A7841004F288F /* Build configuration list for PBXNativeTarget "neon" */ = {
			isa = XCConfigurationList;
			buildConfigurations = (
				2338BEE4220A7841004F288F /* Debug */,
				2338BEE5220A7841004F288F /* Release */,
			);
			defaultConfigurationIsVisible = 0;
			defaultConfigurationName = Release;
		};
		2338BEE6220A7841004F288F /* Build configuration list for PBXNativeTarget "neonTests" */ = {
			isa = XCConfigurationList;
			buildConfigurations = (
				2338BEE7220A7841004F288F /* Debug */,
				2338BEE8220A7841004F288F /* Release */,
			);
			defaultConfigurationIsVisible = 0;
			defaultConfigurationName = Release;
		};
		2338BEE9220A7841004F288F /* Build configuration list for PBXNativeTarget "neonUITests" */ = {
			isa = XCConfigurationList;
			buildConfigurations = (
				2338BEEA220A7841004F288F /* Debug */,
				2338BEEB220A7841004F288F /* Release */,
			);
			defaultConfigurationIsVisible = 0;
			defaultConfigurationName = Release;
		};
		2395A95B224AE1750007D6F2 /* Build configuration list for PBXNativeTarget "neonToday" */ = {
			isa = XCConfigurationList;
			buildConfigurations = (
				2395A959224AE1750007D6F2 /* Debug */,
				2395A95A224AE1750007D6F2 /* Release */,
			);
			defaultConfigurationIsVisible = 0;
			defaultConfigurationName = Release;
		};
		2395A983224AE78E0007D6F2 /* Build configuration list for PBXNativeTarget "neonWatch Extension" */ = {
			isa = XCConfigurationList;
			buildConfigurations = (
				2395A984224AE78E0007D6F2 /* Debug */,
				2395A985224AE78E0007D6F2 /* Release */,
			);
			defaultConfigurationIsVisible = 0;
			defaultConfigurationName = Release;
		};
		2395A987224AE78E0007D6F2 /* Build configuration list for PBXNativeTarget "neonWatch" */ = {
			isa = XCConfigurationList;
			buildConfigurations = (
				2395A988224AE78E0007D6F2 /* Debug */,
				2395A989224AE78E0007D6F2 /* Release */,
			);
			defaultConfigurationIsVisible = 0;
			defaultConfigurationName = Release;
		};
/* End XCConfigurationList section */

/* Begin XCVersionGroup section */
		2338BEC2220A7840004F288F /* neon.xcdatamodeld */ = {
			isa = XCVersionGroup;
			children = (
				2338BEC3220A7840004F288F /* neon.xcdatamodel */,
			);
			currentVersion = 2338BEC3220A7840004F288F /* neon.xcdatamodel */;
			path = neon.xcdatamodeld;
			sourceTree = "<group>";
			versionGroupType = wrapper.xcdatamodel;
		};
/* End XCVersionGroup section */
	};
	rootObject = 2338BEB0220A7840004F288F /* Project object */;
}
